// !$*UTF8*$!
{
	archiveVersion = 1;
	classes = {
	};
	objectVersion = 46;
	objects = {

/* Begin PBXBuildFile section */
		D82E2CEE1EC9B00D007A983F /* main.m in Sources */ = {isa = PBXBuildFile; fileRef = D82E2CED1EC9B00D007A983F /* main.m */; };
		D82E2CF11EC9B00D007A983F /* AppDelegate.m in Sources */ = {isa = PBXBuildFile; fileRef = D82E2CF01EC9B00D007A983F /* AppDelegate.m */; };
		D82E2CF41EC9B00D007A983F /* ViewController.m in Sources */ = {isa = PBXBuildFile; fileRef = D82E2CF31EC9B00D007A983F /* ViewController.m */; };
		D82E2CF71EC9B00D007A983F /* Main.storyboard in Resources */ = {isa = PBXBuildFile; fileRef = D82E2CF51EC9B00D007A983F /* Main.storyboard */; };
		D82E2CF91EC9B00D007A983F /* Assets.xcassets in Resources */ = {isa = PBXBuildFile; fileRef = D82E2CF81EC9B00D007A983F /* Assets.xcassets */; };
		D82E2CFC1EC9B00D007A983F /* LaunchScreen.storyboard in Resources */ = {isa = PBXBuildFile; fileRef = D82E2CFA1EC9B00D007A983F /* LaunchScreen.storyboard */; };
		D82E2D071EC9B00D007A983F /* LearnOpenGLES_3_VAOTests.m in Sources */ = {isa = PBXBuildFile; fileRef = D82E2D061EC9B00D007A983F /* LearnOpenGLES_3_VAOTests.m */; };
		D82E2D121EC9B00E007A983F /* LearnOpenGLES_3_VAOUITests.m in Sources */ = {isa = PBXBuildFile; fileRef = D82E2D111EC9B00E007A983F /* LearnOpenGLES_3_VAOUITests.m */; };
		D82E2D231EC9B0F8007A983F /* OpenGLView.m in Sources */ = {isa = PBXBuildFile; fileRef = D82E2D201EC9B0F8007A983F /* OpenGLView.m */; };
		D82E2D241EC9B0F8007A983F /* SimpleFragment.glsl in Resources */ = {isa = PBXBuildFile; fileRef = D82E2D211EC9B0F8007A983F /* SimpleFragment.glsl */; };
		D82E2D251EC9B0F8007A983F /* SimpleVertex.glsl in Resources */ = {isa = PBXBuildFile; fileRef = D82E2D221EC9B0F8007A983F /* SimpleVertex.glsl */; };
/* End PBXBuildFile section */

/* Begin PBXContainerItemProxy section */
		D82E2D031EC9B00D007A983F /* PBXContainerItemProxy */ = {
			isa = PBXContainerItemProxy;
			containerPortal = D82E2CE11EC9B00D007A983F /* Project object */;
			proxyType = 1;
			remoteGlobalIDString = D82E2CE81EC9B00D007A983F;
			remoteInfo = LearnOpenGLES_3_VAO;
		};
		D82E2D0E1EC9B00E007A983F /* PBXContainerItemProxy */ = {
			isa = PBXContainerItemProxy;
			containerPortal = D82E2CE11EC9B00D007A983F /* Project object */;
			proxyType = 1;
			remoteGlobalIDString = D82E2CE81EC9B00D007A983F;
			remoteInfo = LearnOpenGLES_3_VAO;
		};
/* End PBXContainerItemProxy section */

/* Begin PBXFileReference section */
		D82E2CE91EC9B00D007A983F /* LearnOpenGLES_3_VAO.app */ = {isa = PBXFileReference; explicitFileType = wrapper.application; includeInIndex = 0; path = LearnOpenGLES_3_VAO.app; sourceTree = BUILT_PRODUCTS_DIR; };
		D82E2CED1EC9B00D007A983F /* main.m */ = {isa = PBXFileReference; lastKnownFileType = sourcecode.c.objc; path = main.m; sourceTree = "<group>"; };
		D82E2CEF1EC9B00D007A983F /* AppDelegate.h */ = {isa = PBXFileReference; lastKnownFileType = sourcecode.c.h; path = AppDelegate.h; sourceTree = "<group>"; };
		D82E2CF01EC9B00D007A983F /* AppDelegate.m */ = {isa = PBXFileReference; lastKnownFileType = sourcecode.c.objc; path = AppDelegate.m; sourceTree = "<group>"; };
		D82E2CF21EC9B00D007A983F /* ViewController.h */ = {isa = PBXFileReference; lastKnownFileType = sourcecode.c.h; path = ViewController.h; sourceTree = "<group>"; };
		D82E2CF31EC9B00D007A983F /* ViewController.m */ = {isa = PBXFileReference; lastKnownFileType = sourcecode.c.objc; path = ViewController.m; sourceTree = "<group>"; };
		D82E2CF61EC9B00D007A983F /* Base */ = {isa = PBXFileReference; lastKnownFileType = file.storyboard; name = Base; path = Base.lproj/Main.storyboard; sourceTree = "<group>"; };
		D82E2CF81EC9B00D007A983F /* Assets.xcassets */ = {isa = PBXFileReference; lastKnownFileType = folder.assetcatalog; path = Assets.xcassets; sourceTree = "<group>"; };
		D82E2CFB1EC9B00D007A983F /* Base */ = {isa = PBXFileReference; lastKnownFileType = file.storyboard; name = Base; path = Base.lproj/LaunchScreen.storyboard; sourceTree = "<group>"; };
		D82E2CFD1EC9B00D007A983F /* Info.plist */ = {isa = PBXFileReference; lastKnownFileType = text.plist.xml; path = Info.plist; sourceTree = "<group>"; };
		D82E2D021EC9B00D007A983F /* LearnOpenGLES_3_VAOTests.xctest */ = {isa = PBXFileReference; explicitFileType = wrapper.cfbundle; includeInIndex = 0; path = LearnOpenGLES_3_VAOTests.xctest; sourceTree = BUILT_PRODUCTS_DIR; };
		D82E2D061EC9B00D007A983F /* LearnOpenGLES_3_VAOTests.m */ = {isa = PBXFileReference; lastKnownFileType = sourcecode.c.objc; path = LearnOpenGLES_3_VAOTests.m; sourceTree = "<group>"; };
		D82E2D081EC9B00D007A983F /* Info.plist */ = {isa = PBXFileReference; lastKnownFileType = text.plist.xml; path = Info.plist; sourceTree = "<group>"; };
		D82E2D0D1EC9B00E007A983F /* LearnOpenGLES_3_VAOUITests.xctest */ = {isa = PBXFileReference; explicitFileType = wrapper.cfbundle; includeInIndex = 0; path = LearnOpenGLES_3_VAOUITests.xctest; sourceTree = BUILT_PRODUCTS_DIR; };
		D82E2D111EC9B00E007A983F /* LearnOpenGLES_3_VAOUITests.m */ = {isa = PBXFileReference; lastKnownFileType = sourcecode.c.objc; path = LearnOpenGLES_3_VAOUITests.m; sourceTree = "<group>"; };
		D82E2D131EC9B00E007A983F /* Info.plist */ = {isa = PBXFileReference; lastKnownFileType = text.plist.xml; path = Info.plist; sourceTree = "<group>"; };
		D82E2D1F1EC9B0F8007A983F /* OpenGLView.h */ = {isa = PBXFileReference; fileEncoding = 4; lastKnownFileType = sourcecode.c.h; path = OpenGLView.h; sourceTree = "<group>"; };
		D82E2D201EC9B0F8007A983F /* OpenGLView.m */ = {isa = PBXFileReference; fileEncoding = 4; lastKnownFileType = sourcecode.c.objc; path = OpenGLView.m; sourceTree = "<group>"; };
		D82E2D211EC9B0F8007A983F /* SimpleFragment.glsl */ = {isa = PBXFileReference; fileEncoding = 4; lastKnownFileType = text; path = SimpleFragment.glsl; sourceTree = "<group>"; };
		D82E2D221EC9B0F8007A983F /* SimpleVertex.glsl */ = {isa = PBXFileReference; fileEncoding = 4; lastKnownFileType = text; path = SimpleVertex.glsl; sourceTree = "<group>"; };
/* End PBXFileReference section */

/* Begin PBXFrameworksBuildPhase section */
		D82E2CE61EC9B00D007A983F /* Frameworks */ = {
			isa = PBXFrameworksBuildPhase;
			buildActionMask = 2147483647;
			files = (
			);
			runOnlyForDeploymentPostprocessing = 0;
		};
		D82E2CFF1EC9B00D007A983F /* Frameworks */ = {
			isa = PBXFrameworksBuildPhase;
			buildActionMask = 2147483647;
			files = (
			);
			runOnlyForDeploymentPostprocessing = 0;
		};
		D82E2D0A1EC9B00D007A983F /* Frameworks */ = {
			isa = PBXFrameworksBuildPhase;
			buildActionMask = 2147483647;
			files = (
			);
			runOnlyForDeploymentPostprocessing = 0;
		};
/* End PBXFrameworksBuildPhase section */

/* Begin PBXGroup section */
		D82E2CE01EC9B00D007A983F = {
			isa = PBXGroup;
			children = (
				D82E2CEB1EC9B00D007A983F /* LearnOpenGLES_3_VAO */,
				D82E2D051EC9B00D007A983F /* LearnOpenGLES_3_VAOTests */,
				D82E2D101EC9B00E007A983F /* LearnOpenGLES_3_VAOUITests */,
				D82E2CEA1EC9B00D007A983F /* Products */,
			);
			sourceTree = "<group>";
		};
		D82E2CEA1EC9B00D007A983F /* Products */ = {
			isa = PBXGroup;
			children = (
				D82E2CE91EC9B00D007A983F /* LearnOpenGLES_3_VAO.app */,
				D82E2D021EC9B00D007A983F /* LearnOpenGLES_3_VAOTests.xctest */,
				D82E2D0D1EC9B00E007A983F /* LearnOpenGLES_3_VAOUITests.xctest */,
			);
			name = Products;
			sourceTree = "<group>";
		};
		D82E2CEB1EC9B00D007A983F /* LearnOpenGLES_3_VAO */ = {
			isa = PBXGroup;
			children = (
				D82E2CEF1EC9B00D007A983F /* AppDelegate.h */,
				D82E2CF01EC9B00D007A983F /* AppDelegate.m */,
				D82E2CF21EC9B00D007A983F /* ViewController.h */,
				D82E2CF31EC9B00D007A983F /* ViewController.m */,
				D82E2CF51EC9B00D007A983F /* Main.storyboard */,
				D82E2D1F1EC9B0F8007A983F /* OpenGLView.h */,
				D82E2D201EC9B0F8007A983F /* OpenGLView.m */,
				D82E2D211EC9B0F8007A983F /* SimpleFragment.glsl */,
				D82E2D221EC9B0F8007A983F /* SimpleVertex.glsl */,
				D82E2CF81EC9B00D007A983F /* Assets.xcassets */,
				D82E2CFA1EC9B00D007A983F /* LaunchScreen.storyboard */,
				D82E2CFD1EC9B00D007A983F /* Info.plist */,
				D82E2CEC1EC9B00D007A983F /* Supporting Files */,
			);
			path = LearnOpenGLES_3_VAO;
			sourceTree = "<group>";
		};
		D82E2CEC1EC9B00D007A983F /* Supporting Files */ = {
			isa = PBXGroup;
			children = (
				D82E2CED1EC9B00D007A983F /* main.m */,
			);
			name = "Supporting Files";
			sourceTree = "<group>";
		};
		D82E2D051EC9B00D007A983F /* LearnOpenGLES_3_VAOTests */ = {
			isa = PBXGroup;
			children = (
				D82E2D061EC9B00D007A983F /* LearnOpenGLES_3_VAOTests.m */,
				D82E2D081EC9B00D007A983F /* Info.plist */,
			);
			path = LearnOpenGLES_3_VAOTests;
			sourceTree = "<group>";
		};
		D82E2D101EC9B00E007A983F /* LearnOpenGLES_3_VAOUITests */ = {
			isa = PBXGroup;
			children = (
				D82E2D111EC9B00E007A983F /* LearnOpenGLES_3_VAOUITests.m */,
				D82E2D131EC9B00E007A983F /* Info.plist */,
			);
			path = LearnOpenGLES_3_VAOUITests;
			sourceTree = "<group>";
		};
/* End PBXGroup section */

/* Begin PBXNativeTarget section */
		D82E2CE81EC9B00D007A983F /* LearnOpenGLES_3_VAO */ = {
			isa = PBXNativeTarget;
			buildConfigurationList = D82E2D161EC9B00E007A983F /* Build configuration list for PBXNativeTarget "LearnOpenGLES_3_VAO" */;
			buildPhases = (
				D82E2CE51EC9B00D007A983F /* Sources */,
				D82E2CE61EC9B00D007A983F /* Frameworks */,
				D82E2CE71EC9B00D007A983F /* Resources */,
			);
			buildRules = (
			);
			dependencies = (
			);
			name = LearnOpenGLES_3_VAO;
			productName = LearnOpenGLES_3_VAO;
			productReference = D82E2CE91EC9B00D007A983F /* LearnOpenGLES_3_VAO.app */;
			productType = "com.apple.product-type.application";
		};
		D82E2D011EC9B00D007A983F /* LearnOpenGLES_3_VAOTests */ = {
			isa = PBXNativeTarget;
			buildConfigurationList = D82E2D191EC9B00E007A983F /* Build configuration list for PBXNativeTarget "LearnOpenGLES_3_VAOTests" */;
			buildPhases = (
				D82E2CFE1EC9B00D007A983F /* Sources */,
				D82E2CFF1EC9B00D007A983F /* Frameworks */,
				D82E2D001EC9B00D007A983F /* Resources */,
			);
			buildRules = (
			);
			dependencies = (
				D82E2D041EC9B00D007A983F /* PBXTargetDependency */,
			);
			name = LearnOpenGLES_3_VAOTests;
			productName = LearnOpenGLES_3_VAOTests;
			productReference = D82E2D021EC9B00D007A983F /* LearnOpenGLES_3_VAOTests.xctest */;
			productType = "com.apple.product-type.bundle.unit-test";
		};
		D82E2D0C1EC9B00D007A983F /* LearnOpenGLES_3_VAOUITests */ = {
			isa = PBXNativeTarget;
			buildConfigurationList = D82E2D1C1EC9B00E007A983F /* Build configuration list for PBXNativeTarget "LearnOpenGLES_3_VAOUITests" */;
			buildPhases = (
				D82E2D091EC9B00D007A983F /* Sources */,
				D82E2D0A1EC9B00D007A983F /* Frameworks */,
				D82E2D0B1EC9B00D007A983F /* Resources */,
			);
			buildRules = (
			);
			dependencies = (
				D82E2D0F1EC9B00E007A983F /* PBXTargetDependency */,
			);
			name = LearnOpenGLES_3_VAOUITests;
			productName = LearnOpenGLES_3_VAOUITests;
			productReference = D82E2D0D1EC9B00E007A983F /* LearnOpenGLES_3_VAOUITests.xctest */;
			productType = "com.apple.product-type.bundle.ui-testing";
		};
/* End PBXNativeTarget section */

/* Begin PBXProject section */
		D82E2CE11EC9B00D007A983F /* Project object */ = {
			isa = PBXProject;
			attributes = {
				LastUpgradeCheck = 0830;
				ORGANIZATIONNAME = BluePandaLi;
				TargetAttributes = {
					D82E2CE81EC9B00D007A983F = {
						CreatedOnToolsVersion = 8.3.2;
						DevelopmentTeam = MLM6EQV39M;
						ProvisioningStyle = Automatic;
					};
					D82E2D011EC9B00D007A983F = {
						CreatedOnToolsVersion = 8.3.2;
						DevelopmentTeam = MLM6EQV39M;
						ProvisioningStyle = Automatic;
						TestTargetID = D82E2CE81EC9B00D007A983F;
					};
					D82E2D0C1EC9B00D007A983F = {
						CreatedOnToolsVersion = 8.3.2;
						DevelopmentTeam = MLM6EQV39M;
						ProvisioningStyle = Automatic;
						TestTargetID = D82E2CE81EC9B00D007A983F;
					};
				};
			};
			buildConfigurationList = D82E2CE41EC9B00D007A983F /* Build configuration list for PBXProject "LearnOpenGLES_3_VAO" */;
			compatibilityVersion = "Xcode 3.2";
			developmentRegion = English;
			hasScannedForEncodings = 0;
			knownRegions = (
				en,
				Base,
			);
			mainGroup = D82E2CE01EC9B00D007A983F;
			productRefGroup = D82E2CEA1EC9B00D007A983F /* Products */;
			projectDirPath = "";
			projectRoot = "";
			targets = (
				D82E2CE81EC9B00D007A983F /* LearnOpenGLES_3_VAO */,
				D82E2D011EC9B00D007A983F /* LearnOpenGLES_3_VAOTests */,
				D82E2D0C1EC9B00D007A983F /* LearnOpenGLES_3_VAOUITests */,
			);
		};
/* End PBXProject section */

/* Begin PBXResourcesBuildPhase section */
		D82E2CE71EC9B00D007A983F /* Resources */ = {
			isa = PBXResourcesBuildPhase;
			buildActionMask = 2147483647;
			files = (
				D82E2CFC1EC9B00D007A983F /* LaunchScreen.storyboard in Resources */,
				D82E2D241EC9B0F8007A983F /* SimpleFragment.glsl in Resources */,
				D82E2D251EC9B0F8007A983F /* SimpleVertex.glsl in Resources */,
				D82E2CF91EC9B00D007A983F /* Assets.xcassets in Resources */,
				D82E2CF71EC9B00D007A983F /* Main.storyboard in Resources */,
			);
			runOnlyForDeploymentPostprocessing = 0;
		};
		D82E2D001EC9B00D007A983F /* Resources */ = {
			isa = PBXResourcesBuildPhase;
			buildActionMask = 2147483647;
			files = (
			);
			runOnlyForDeploymentPostprocessing = 0;
		};
		D82E2D0B1EC9B00D007A983F /* Resources */ = {
			isa = PBXResourcesBuildPhase;
			buildActionMask = 2147483647;
			files = (
			);
			runOnlyForDeploymentPostprocessing = 0;
		};
/* End PBXResourcesBuildPhase section */

/* Begin PBXSourcesBuildPhase section */
		D82E2CE51EC9B00D007A983F /* Sources */ = {
			isa = PBXSourcesBuildPhase;
			buildActionMask = 2147483647;
			files = (
				D82E2CF41EC9B00D007A983F /* ViewController.m in Sources */,
				D82E2CF11EC9B00D007A983F /* AppDelegate.m in Sources */,
				D82E2CEE1EC9B00D007A983F /* main.m in Sources */,
				D82E2D231EC9B0F8007A983F /* OpenGLView.m in Sources */,
			);
			runOnlyForDeploymentPostprocessing = 0;
		};
		D82E2CFE1EC9B00D007A983F /* Sources */ = {
			isa = PBXSourcesBuildPhase;
			buildActionMask = 2147483647;
			files = (
				D82E2D071EC9B00D007A983F /* LearnOpenGLES_3_VAOTests.m in Sources */,
			);
			runOnlyForDeploymentPostprocessing = 0;
		};
		D82E2D091EC9B00D007A983F /* Sources */ = {
			isa = PBXSourcesBuildPhase;
			buildActionMask = 2147483647;
			files = (
				D82E2D121EC9B00E007A983F /* LearnOpenGLES_3_VAOUITests.m in Sources */,
			);
			runOnlyForDeploymentPostprocessing = 0;
		};
/* End PBXSourcesBuildPhase section */

/* Begin PBXTargetDependency section */
		D82E2D041EC9B00D007A983F /* PBXTargetDependency */ = {
			isa = PBXTargetDependency;
			target = D82E2CE81EC9B00D007A983F /* LearnOpenGLES_3_VAO */;
			targetProxy = D82E2D031EC9B00D007A983F /* PBXContainerItemProxy */;
		};
		D82E2D0F1EC9B00E007A983F /* PBXTargetDependency */ = {
			isa = PBXTargetDependency;
			target = D82E2CE81EC9B00D007A983F /* LearnOpenGLES_3_VAO */;
			targetProxy = D82E2D0E1EC9B00E007A983F /* PBXContainerItemProxy */;
		};
/* End PBXTargetDependency section */

/* Begin PBXVariantGroup section */
		D82E2CF51EC9B00D007A983F /* Main.storyboard */ = {
			isa = PBXVariantGroup;
			children = (
				D82E2CF61EC9B00D007A983F /* Base */,
			);
			name = Main.storyboard;
			sourceTree = "<group>";
		};
		D82E2CFA1EC9B00D007A983F /* LaunchScreen.storyboard */ = {
			isa = PBXVariantGroup;
			children = (
				D82E2CFB1EC9B00D007A983F /* Base */,
			);
			name = LaunchScreen.storyboard;
			sourceTree = "<group>";
		};
/* End PBXVariantGroup section */

/* Begin XCBuildConfiguration section */
		D82E2D141EC9B00E007A983F /* Debug */ = {
			isa = XCBuildConfiguration;
			buildSettings = {
				ALWAYS_SEARCH_USER_PATHS = NO;
				CLANG_ANALYZER_NONNULL = YES;
				CLANG_ANALYZER_NUMBER_OBJECT_CONVERSION = YES_AGGRESSIVE;
				CLANG_CXX_LANGUAGE_STANDARD = "gnu++0x";
				CLANG_CXX_LIBRARY = "libc++";
				CLANG_ENABLE_MODULES = YES;
				CLANG_ENABLE_OBJC_ARC = YES;
				CLANG_WARN_BOOL_CONVERSION = YES;
				CLANG_WARN_CONSTANT_CONVERSION = YES;
				CLANG_WARN_DIRECT_OBJC_ISA_USAGE = YES_ERROR;
				CLANG_WARN_DOCUMENTATION_COMMENTS = YES;
				CLANG_WARN_EMPTY_BODY = YES;
				CLANG_WARN_ENUM_CONVERSION = YES;
				CLANG_WARN_INFINITE_RECURSION = YES;
				CLANG_WARN_INT_CONVERSION = YES;
				CLANG_WARN_OBJC_ROOT_CLASS = YES_ERROR;
				CLANG_WARN_SUSPICIOUS_MOVE = YES;
				CLANG_WARN_UNREACHABLE_CODE = YES;
				CLANG_WARN__DUPLICATE_METHOD_MATCH = YES;
				"CODE_SIGN_IDENTITY[sdk=iphoneos*]" = "iPhone Developer";
				COPY_PHASE_STRIP = NO;
				DEBUG_INFORMATION_FORMAT = dwarf;
				ENABLE_STRICT_OBJC_MSGSEND = YES;
				ENABLE_TESTABILITY = YES;
				GCC_C_LANGUAGE_STANDARD = gnu99;
				GCC_DYNAMIC_NO_PIC = NO;
				GCC_NO_COMMON_BLOCKS = YES;
				GCC_OPTIMIZATION_LEVEL = 0;
				GCC_PREPROCESSOR_DEFINITIONS = (
					"DEBUG=1",
					"$(inherited)",
				);
				GCC_WARN_64_TO_32_BIT_CONVERSION = YES;
				GCC_WARN_ABOUT_RETURN_TYPE = YES_ERROR;
				GCC_WARN_UNDECLARED_SELECTOR = YES;
				GCC_WARN_UNINITIALIZED_AUTOS = YES_AGGRESSIVE;
				GCC_WARN_UNUSED_FUNCTION = YES;
				GCC_WARN_UNUSED_VARIABLE = YES;
				IPHONEOS_DEPLOYMENT_TARGET = 10.3;
				MTL_ENABLE_DEBUG_INFO = YES;
				ONLY_ACTIVE_ARCH = YES;
				SDKROOT = iphoneos;
				TARGETED_DEVICE_FAMILY = "1,2";
			};
			name = Debug;
		};
		D82E2D151EC9B00E007A983F /* Release */ = {
			isa = XCBuildConfiguration;
			buildSettings = {
				ALWAYS_SEARCH_USER_PATHS = NO;
				CLANG_ANALYZER_NONNULL = YES;
				CLANG_ANALYZER_NUMBER_OBJECT_CONVERSION = YES_AGGRESSIVE;
				CLANG_CXX_LANGUAGE_STANDARD = "gnu++0x";
				CLANG_CXX_LIBRARY = "libc++";
				CLANG_ENABLE_MODULES = YES;
				CLANG_ENABLE_OBJC_ARC = YES;
				CLANG_WARN_BOOL_CONVERSION = YES;
				CLANG_WARN_CONSTANT_CONVERSION = YES;
				CLANG_WARN_DIRECT_OBJC_ISA_USAGE = YES_ERROR;
				CLANG_WARN_DOCUMENTATION_COMMENTS = YES;
				CLANG_WARN_EMPTY_BODY = YES;
				CLANG_WARN_ENUM_CONVERSION = YES;
				CLANG_WARN_INFINITE_RECURSION = YES;
				CLANG_WARN_INT_CONVERSION = YES;
				CLANG_WARN_OBJC_ROOT_CLASS = YES_ERROR;
				CLANG_WARN_SUSPICIOUS_MOVE = YES;
				CLANG_WARN_UNREACHABLE_CODE = YES;
				CLANG_WARN__DUPLICATE_METHOD_MATCH = YES;
				"CODE_SIGN_IDENTITY[sdk=iphoneos*]" = "iPhone Developer";
				COPY_PHASE_STRIP = NO;
				DEBUG_INFORMATION_FORMAT = "dwarf-with-dsym";
				ENABLE_NS_ASSERTIONS = NO;
				ENABLE_STRICT_OBJC_MSGSEND = YES;
				GCC_C_LANGUAGE_STANDARD = gnu99;
				GCC_NO_COMMON_BLOCKS = YES;
				GCC_WARN_64_TO_32_BIT_CONVERSION = YES;
				GCC_WARN_ABOUT_RETURN_TYPE = YES_ERROR;
				GCC_WARN_UNDECLARED_SELECTOR = YES;
				GCC_WARN_UNINITIALIZED_AUTOS = YES_AGGRESSIVE;
				GCC_WARN_UNUSED_FUNCTION = YES;
				GCC_WARN_UNUSED_VARIABLE = YES;
				IPHONEOS_DEPLOYMENT_TARGET = 10.3;
				MTL_ENABLE_DEBUG_INFO = NO;
				SDKROOT = iphoneos;
				TARGETED_DEVICE_FAMILY = "1,2";
				VALIDATE_PRODUCT = YES;
			};
			name = Release;
		};
		D82E2D171EC9B00E007A983F /* Debug */ = {
			isa = XCBuildConfiguration;
			buildSettings = {
				ASSETCATALOG_COMPILER_APPICON_NAME = AppIcon;
				DEVELOPMENT_TEAM = MLM6EQV39M;
				INFOPLIST_FILE = LearnOpenGLES_3_VAO/Info.plist;
				LD_RUNPATH_SEARCH_PATHS = "$(inherited) @executable_path/Frameworks";
				PRODUCT_BUNDLE_IDENTIFIER = "com.baidu.LearnOpenGLES-3-VAO";
				PRODUCT_NAME = "$(TARGET_NAME)";
			};
			name = Debug;
		};
		D82E2D181EC9B00E007A983F /* Release */ = {
			isa = XCBuildConfiguration;
			buildSettings = {
				ASSETCATALOG_COMPILER_APPICON_NAME = AppIcon;
				DEVELOPMENT_TEAM = MLM6EQV39M;
				INFOPLIST_FILE = LearnOpenGLES_3_VAO/Info.plist;
				LD_RUNPATH_SEARCH_PATHS = "$(inherited) @executable_path/Frameworks";
				PRODUCT_BUNDLE_IDENTIFIER = "com.baidu.LearnOpenGLES-3-VAO";
				PRODUCT_NAME = "$(TARGET_NAME)";
			};
			name = Release;
		};
		D82E2D1A1EC9B00E007A983F /* Debug */ = {
			isa = XCBuildConfiguration;
			buildSettings = {
				BUNDLE_LOADER = "$(TEST_HOST)";
				DEVELOPMENT_TEAM = MLM6EQV39M;
				INFOPLIST_FILE = LearnOpenGLES_3_VAOTests/Info.plist;
				LD_RUNPATH_SEARCH_PATHS = "$(inherited) @executable_path/Frameworks @loader_path/Frameworks";
				PRODUCT_BUNDLE_IDENTIFIER = "com.baidu.LearnOpenGLES-3-VAOTests";
				PRODUCT_NAME = "$(TARGET_NAME)";
				TEST_HOST = "$(BUILT_PRODUCTS_DIR)/LearnOpenGLES_3_VAO.app/LearnOpenGLES_3_VAO";
			};
			name = Debug;
		};
		D82E2D1B1EC9B00E007A983F /* Release */ = {
			isa = XCBuildConfiguration;
			buildSettings = {
				BUNDLE_LOADER = "$(TEST_HOST)";
				DEVELOPMENT_TEAM = MLM6EQV39M;
				INFOPLIST_FILE = LearnOpenGLES_3_VAOTests/Info.plist;
				LD_RUNPATH_SEARCH_PATHS = "$(inherited) @executable_path/Frameworks @loader_path/Frameworks";
				PRODUCT_BUNDLE_IDENTIFIER = "com.baidu.LearnOpenGLES-3-VAOTests";
				PRODUCT_NAME = "$(TARGET_NAME)";
				TEST_HOST = "$(BUILT_PRODUCTS_DIR)/LearnOpenGLES_3_VAO.app/LearnOpenGLES_3_VAO";
			};
			name = Release;
		};
		D82E2D1D1EC9B00E007A983F /* Debug */ = {
			isa = XCBuildConfiguration;
			buildSettings = {
				DEVELOPMENT_TEAM = MLM6EQV39M;
				INFOPLIST_FILE = LearnOpenGLES_3_VAOUITests/Info.plist;
				LD_RUNPATH_SEARCH_PATHS = "$(inherited) @executable_path/Frameworks @loader_path/Frameworks";
				PRODUCT_BUNDLE_IDENTIFIER = "com.baidu.LearnOpenGLES-3-VAOUITests";
				PRODUCT_NAME = "$(TARGET_NAME)";
				TEST_TARGET_NAME = LearnOpenGLES_3_VAO;
			};
			name = Debug;
		};
		D82E2D1E1EC9B00E007A983F /* Release */ = {
			isa = XCBuildConfiguration;
			buildSettings = {
				DEVELOPMENT_TEAM = MLM6EQV39M;
				INFOPLIST_FILE = LearnOpenGLES_3_VAOUITests/Info.plist;
				LD_RUNPATH_SEARCH_PATHS = "$(inherited) @executable_path/Frameworks @loader_path/Frameworks";
				PRODUCT_BUNDLE_IDENTIFIER = "com.baidu.LearnOpenGLES-3-VAOUITests";
				PRODUCT_NAME = "$(TARGET_NAME)";
				TEST_TARGET_NAME = LearnOpenGLES_3_VAO;
			};
			name = Release;
		};
/* End XCBuildConfiguration section */

/* Begin XCConfigurationList section */
		D82E2CE41EC9B00D007A983F /* Build configuration list for PBXProject "LearnOpenGLES_3_VAO" */ = {
			isa = XCConfigurationList;
			buildConfigurations = (
				D82E2D141EC9B00E007A983F /* Debug */,
				D82E2D151EC9B00E007A983F /* Release */,
			);
			defaultConfigurationIsVisible = 0;
			defaultConfigurationName = Release;
		};
		D82E2D161EC9B00E007A983F /* Build configuration list for PBXNativeTarget "LearnOpenGLES_3_VAO" */ = {
			isa = XCConfigurationList;
			buildConfigurations = (
				D82E2D171EC9B00E007A983F /* Debug */,
				D82E2D181EC9B00E007A983F /* Release */,
			);
			defaultConfigurationIsVisible = 0;
			defaultConfigurationName = Release;
		};
		D82E2D191EC9B00E007A983F /* Build configuration list for PBXNativeTarget "LearnOpenGLES_3_VAOTests" */ = {
			isa = XCConfigurationList;
			buildConfigurations = (
				D82E2D1A1EC9B00E007A983F /* Debug */,
				D82E2D1B1EC9B00E007A983F /* Release */,
			);
			defaultConfigurationIsVisible = 0;
			defaultConfigurationName = Release;
		};
		D82E2D1C1EC9B00E007A983F /* Build configuration list for PBXNativeTarget "LearnOpenGLES_3_VAOUITests" */ = {
			isa = XCConfigurationList;
			buildConfigurations = (
				D82E2D1D1EC9B00E007A983F /* Debug */,
				D82E2D1E1EC9B00E007A983F /* Release */,
			);
			defaultConfigurationIsVisible = 0;
			defaultConfigurationName = Release;
		};
/* End XCConfigurationList section */
	};
	rootObject = D82E2CE11EC9B00D007A983F /* Project object */;
}
