// !$*UTF8*$!
{
	archiveVersion = 1;
	classes = {
	};
	objectVersion = 46;
	objects = {

/* Begin PBXBuildFile section */
		D82E2CA81EC98CE4007A983F /* main.m in Sources */ = {isa = PBXBuildFile; fileRef = D82E2CA71EC98CE4007A983F /* main.m */; };
		D82E2CAB1EC98CE4007A983F /* AppDelegate.m in Sources */ = {isa = PBXBuildFile; fileRef = D82E2CAA1EC98CE4007A983F /* AppDelegate.m */; };
		D82E2CAE1EC98CE4007A983F /* ViewController.m in Sources */ = {isa = PBXBuildFile; fileRef = D82E2CAD1EC98CE4007A983F /* ViewController.m */; };
		D82E2CB11EC98CE4007A983F /* Main.storyboard in Resources */ = {isa = PBXBuildFile; fileRef = D82E2CAF1EC98CE4007A983F /* Main.storyboard */; };
		D82E2CB31EC98CE4007A983F /* Assets.xcassets in Resources */ = {isa = PBXBuildFile; fileRef = D82E2CB21EC98CE4007A983F /* Assets.xcassets */; };
		D82E2CB61EC98CE4007A983F /* LaunchScreen.storyboard in Resources */ = {isa = PBXBuildFile; fileRef = D82E2CB41EC98CE4007A983F /* LaunchScreen.storyboard */; };
		D82E2CC11EC98CE4007A983F /* LearnOpenGLES_2_ShadersTests.m in Sources */ = {isa = PBXBuildFile; fileRef = D82E2CC01EC98CE4007A983F /* LearnOpenGLES_2_ShadersTests.m */; };
		D82E2CCC1EC98CE5007A983F /* LearnOpenGLES_2_ShadersUITests.m in Sources */ = {isa = PBXBuildFile; fileRef = D82E2CCB1EC98CE5007A983F /* LearnOpenGLES_2_ShadersUITests.m */; };
		D82E2CDB1EC98EA4007A983F /* OpenGLView.m in Sources */ = {isa = PBXBuildFile; fileRef = D82E2CDA1EC98EA4007A983F /* OpenGLView.m */; };
		D82E2CDD1EC98F7A007A983F /* SimpleVertex.glsl in Resources */ = {isa = PBXBuildFile; fileRef = D82E2CDC1EC98F7A007A983F /* SimpleVertex.glsl */; };
		D82E2CDF1EC98FC5007A983F /* SimpleFragment.glsl in Resources */ = {isa = PBXBuildFile; fileRef = D82E2CDE1EC98FC5007A983F /* SimpleFragment.glsl */; };
/* End PBXBuildFile section */

/* Begin PBXContainerItemProxy section */
		D82E2CBD1EC98CE4007A983F /* PBXContainerItemProxy */ = {
			isa = PBXContainerItemProxy;
			containerPortal = D82E2C9B1EC98CE4007A983F /* Project object */;
			proxyType = 1;
			remoteGlobalIDString = D82E2CA21EC98CE4007A983F;
			remoteInfo = LearnOpenGLES_2_Shaders;
		};
		D82E2CC81EC98CE5007A983F /* PBXContainerItemProxy */ = {
			isa = PBXContainerItemProxy;
			containerPortal = D82E2C9B1EC98CE4007A983F /* Project object */;
			proxyType = 1;
			remoteGlobalIDString = D82E2CA21EC98CE4007A983F;
			remoteInfo = LearnOpenGLES_2_Shaders;
		};
/* End PBXContainerItemProxy section */

/* Begin PBXFileReference section */
		D82E2CA31EC98CE4007A983F /* LearnOpenGLES_2_Shaders.app */ = {isa = PBXFileReference; explicitFileType = wrapper.application; includeInIndex = 0; path = LearnOpenGLES_2_Shaders.app; sourceTree = BUILT_PRODUCTS_DIR; };
		D82E2CA71EC98CE4007A983F /* main.m */ = {isa = PBXFileReference; lastKnownFileType = sourcecode.c.objc; path = main.m; sourceTree = "<group>"; };
		D82E2CA91EC98CE4007A983F /* AppDelegate.h */ = {isa = PBXFileReference; lastKnownFileType = sourcecode.c.h; path = AppDelegate.h; sourceTree = "<group>"; };
		D82E2CAA1EC98CE4007A983F /* AppDelegate.m */ = {isa = PBXFileReference; lastKnownFileType = sourcecode.c.objc; path = AppDelegate.m; sourceTree = "<group>"; };
		D82E2CAC1EC98CE4007A983F /* ViewController.h */ = {isa = PBXFileReference; lastKnownFileType = sourcecode.c.h; path = ViewController.h; sourceTree = "<group>"; };
		D82E2CAD1EC98CE4007A983F /* ViewController.m */ = {isa = PBXFileReference; lastKnownFileType = sourcecode.c.objc; path = ViewController.m; sourceTree = "<group>"; };
		D82E2CB01EC98CE4007A983F /* Base */ = {isa = PBXFileReference; lastKnownFileType = file.storyboard; name = Base; path = Base.lproj/Main.storyboard; sourceTree = "<group>"; };
		D82E2CB21EC98CE4007A983F /* Assets.xcassets */ = {isa = PBXFileReference; lastKnownFileType = folder.assetcatalog; path = Assets.xcassets; sourceTree = "<group>"; };
		D82E2CB51EC98CE4007A983F /* Base */ = {isa = PBXFileReference; lastKnownFileType = file.storyboard; name = Base; path = Base.lproj/LaunchScreen.storyboard; sourceTree = "<group>"; };
		D82E2CB71EC98CE4007A983F /* Info.plist */ = {isa = PBXFileReference; lastKnownFileType = text.plist.xml; path = Info.plist; sourceTree = "<group>"; };
		D82E2CBC1EC98CE4007A983F /* LearnOpenGLES_2_ShadersTests.xctest */ = {isa = PBXFileReference; explicitFileType = wrapper.cfbundle; includeInIndex = 0; path = LearnOpenGLES_2_ShadersTests.xctest; sourceTree = BUILT_PRODUCTS_DIR; };
		D82E2CC01EC98CE4007A983F /* LearnOpenGLES_2_ShadersTests.m */ = {isa = PBXFileReference; lastKnownFileType = sourcecode.c.objc; path = LearnOpenGLES_2_ShadersTests.m; sourceTree = "<group>"; };
		D82E2CC21EC98CE4007A983F /* Info.plist */ = {isa = PBXFileReference; lastKnownFileType = text.plist.xml; path = Info.plist; sourceTree = "<group>"; };
		D82E2CC71EC98CE5007A983F /* LearnOpenGLES_2_ShadersUITests.xctest */ = {isa = PBXFileReference; explicitFileType = wrapper.cfbundle; includeInIndex = 0; path = LearnOpenGLES_2_ShadersUITests.xctest; sourceTree = BUILT_PRODUCTS_DIR; };
		D82E2CCB1EC98CE5007A983F /* LearnOpenGLES_2_ShadersUITests.m */ = {isa = PBXFileReference; lastKnownFileType = sourcecode.c.objc; path = LearnOpenGLES_2_ShadersUITests.m; sourceTree = "<group>"; };
		D82E2CCD1EC98CE5007A983F /* Info.plist */ = {isa = PBXFileReference; lastKnownFileType = text.plist.xml; path = Info.plist; sourceTree = "<group>"; };
		D82E2CD91EC98EA4007A983F /* OpenGLView.h */ = {isa = PBXFileReference; fileEncoding = 4; lastKnownFileType = sourcecode.c.h; path = OpenGLView.h; sourceTree = "<group>"; };
		D82E2CDA1EC98EA4007A983F /* OpenGLView.m */ = {isa = PBXFileReference; fileEncoding = 4; lastKnownFileType = sourcecode.c.objc; path = OpenGLView.m; sourceTree = "<group>"; };
		D82E2CDC1EC98F7A007A983F /* SimpleVertex.glsl */ = {isa = PBXFileReference; fileEncoding = 4; lastKnownFileType = text; path = SimpleVertex.glsl; sourceTree = "<group>"; };
		D82E2CDE1EC98FC5007A983F /* SimpleFragment.glsl */ = {isa = PBXFileReference; fileEncoding = 4; lastKnownFileType = text; path = SimpleFragment.glsl; sourceTree = "<group>"; };
/* End PBXFileReference section */

/* Begin PBXFrameworksBuildPhase section */
		D82E2CA01EC98CE4007A983F /* Frameworks */ = {
			isa = PBXFrameworksBuildPhase;
			buildActionMask = 2147483647;
			files = (
			);
			runOnlyForDeploymentPostprocessing = 0;
		};
		D82E2CB91EC98CE4007A983F /* Frameworks */ = {
			isa = PBXFrameworksBuildPhase;
			buildActionMask = 2147483647;
			files = (
			);
			runOnlyForDeploymentPostprocessing = 0;
		};
		D82E2CC41EC98CE5007A983F /* Frameworks */ = {
			isa = PBXFrameworksBuildPhase;
			buildActionMask = 2147483647;
			files = (
			);
			runOnlyForDeploymentPostprocessing = 0;
		};
/* End PBXFrameworksBuildPhase section */

/* Begin PBXGroup section */
		D82E2C9A1EC98CE4007A983F = {
			isa = PBXGroup;
			children = (
				D82E2CA51EC98CE4007A983F /* LearnOpenGLES_2_Shaders */,
				D82E2CBF1EC98CE4007A983F /* LearnOpenGLES_2_ShadersTests */,
				D82E2CCA1EC98CE5007A983F /* LearnOpenGLES_2_ShadersUITests */,
				D82E2CA41EC98CE4007A983F /* Products */,
			);
			sourceTree = "<group>";
		};
		D82E2CA41EC98CE4007A983F /* Products */ = {
			isa = PBXGroup;
			children = (
				D82E2CA31EC98CE4007A983F /* LearnOpenGLES_2_Shaders.app */,
				D82E2CBC1EC98CE4007A983F /* LearnOpenGLES_2_ShadersTests.xctest */,
				D82E2CC71EC98CE5007A983F /* LearnOpenGLES_2_ShadersUITests.xctest */,
			);
			name = Products;
			sourceTree = "<group>";
		};
		D82E2CA51EC98CE4007A983F /* LearnOpenGLES_2_Shaders */ = {
			isa = PBXGroup;
			children = (
				D82E2CA91EC98CE4007A983F /* AppDelegate.h */,
				D82E2CAA1EC98CE4007A983F /* AppDelegate.m */,
				D82E2CAC1EC98CE4007A983F /* ViewController.h */,
				D82E2CAD1EC98CE4007A983F /* ViewController.m */,
				D82E2CAF1EC98CE4007A983F /* Main.storyboard */,
				D82E2CD91EC98EA4007A983F /* OpenGLView.h */,
				D82E2CDA1EC98EA4007A983F /* OpenGLView.m */,
				D82E2CDC1EC98F7A007A983F /* SimpleVertex.glsl */,
				D82E2CDE1EC98FC5007A983F /* SimpleFragment.glsl */,
				D82E2CB21EC98CE4007A983F /* Assets.xcassets */,
				D82E2CB41EC98CE4007A983F /* LaunchScreen.storyboard */,
				D82E2CB71EC98CE4007A983F /* Info.plist */,
				D82E2CA61EC98CE4007A983F /* Supporting Files */,
			);
			path = LearnOpenGLES_2_Shaders;
			sourceTree = "<group>";
		};
		D82E2CA61EC98CE4007A983F /* Supporting Files */ = {
			isa = PBXGroup;
			children = (
				D82E2CA71EC98CE4007A983F /* main.m */,
			);
			name = "Supporting Files";
			sourceTree = "<group>";
		};
		D82E2CBF1EC98CE4007A983F /* LearnOpenGLES_2_ShadersTests */ = {
			isa = PBXGroup;
			children = (
				D82E2CC01EC98CE4007A983F /* LearnOpenGLES_2_ShadersTests.m */,
				D82E2CC21EC98CE4007A983F /* Info.plist */,
			);
			path = LearnOpenGLES_2_ShadersTests;
			sourceTree = "<group>";
		};
		D82E2CCA1EC98CE5007A983F /* LearnOpenGLES_2_ShadersUITests */ = {
			isa = PBXGroup;
			children = (
				D82E2CCB1EC98CE5007A983F /* LearnOpenGLES_2_ShadersUITests.m */,
				D82E2CCD1EC98CE5007A983F /* Info.plist */,
			);
			path = LearnOpenGLES_2_ShadersUITests;
			sourceTree = "<group>";
		};
/* End PBXGroup section */

/* Begin PBXNativeTarget section */
		D82E2CA21EC98CE4007A983F /* LearnOpenGLES_2_Shaders */ = {
			isa = PBXNativeTarget;
			buildConfigurationList = D82E2CD01EC98CE5007A983F /* Build configuration list for PBXNativeTarget "LearnOpenGLES_2_Shaders" */;
			buildPhases = (
				D82E2C9F1EC98CE4007A983F /* Sources */,
				D82E2CA01EC98CE4007A983F /* Frameworks */,
				D82E2CA11EC98CE4007A983F /* Resources */,
			);
			buildRules = (
			);
			dependencies = (
			);
			name = LearnOpenGLES_2_Shaders;
			productName = LearnOpenGLES_2_Shaders;
			productReference = D82E2CA31EC98CE4007A983F /* LearnOpenGLES_2_Shaders.app */;
			productType = "com.apple.product-type.application";
		};
		D82E2CBB1EC98CE4007A983F /* LearnOpenGLES_2_ShadersTests */ = {
			isa = PBXNativeTarget;
			buildConfigurationList = D82E2CD31EC98CE5007A983F /* Build configuration list for PBXNativeTarget "LearnOpenGLES_2_ShadersTests" */;
			buildPhases = (
				D82E2CB81EC98CE4007A983F /* Sources */,
				D82E2CB91EC98CE4007A983F /* Frameworks */,
				D82E2CBA1EC98CE4007A983F /* Resources */,
			);
			buildRules = (
			);
			dependencies = (
				D82E2CBE1EC98CE4007A983F /* PBXTargetDependency */,
			);
			name = LearnOpenGLES_2_ShadersTests;
			productName = LearnOpenGLES_2_ShadersTests;
			productReference = D82E2CBC1EC98CE4007A983F /* LearnOpenGLES_2_ShadersTests.xctest */;
			productType = "com.apple.product-type.bundle.unit-test";
		};
		D82E2CC61EC98CE5007A983F /* LearnOpenGLES_2_ShadersUITests */ = {
			isa = PBXNativeTarget;
			buildConfigurationList = D82E2CD61EC98CE5007A983F /* Build configuration list for PBXNativeTarget "LearnOpenGLES_2_ShadersUITests" */;
			buildPhases = (
				D82E2CC31EC98CE5007A983F /* Sources */,
				D82E2CC41EC98CE5007A983F /* Frameworks */,
				D82E2CC51EC98CE5007A983F /* Resources */,
			);
			buildRules = (
			);
			dependencies = (
				D82E2CC91EC98CE5007A983F /* PBXTargetDependency */,
			);
			name = LearnOpenGLES_2_ShadersUITests;
			productName = LearnOpenGLES_2_ShadersUITests;
			productReference = D82E2CC71EC98CE5007A983F /* LearnOpenGLES_2_ShadersUITests.xctest */;
			productType = "com.apple.product-type.bundle.ui-testing";
		};
/* End PBXNativeTarget section */

/* Begin PBXProject section */
		D82E2C9B1EC98CE4007A983F /* Project object */ = {
			isa = PBXProject;
			attributes = {
				LastUpgradeCheck = 0830;
				ORGANIZATIONNAME = BluePandaLi;
				TargetAttributes = {
					D82E2CA21EC98CE4007A983F = {
						CreatedOnToolsVersion = 8.3.2;
						DevelopmentTeam = MLM6EQV39M;
						ProvisioningStyle = Automatic;
					};
					D82E2CBB1EC98CE4007A983F = {
						CreatedOnToolsVersion = 8.3.2;
						DevelopmentTeam = MLM6EQV39M;
						ProvisioningStyle = Automatic;
						TestTargetID = D82E2CA21EC98CE4007A983F;
					};
					D82E2CC61EC98CE5007A983F = {
						CreatedOnToolsVersion = 8.3.2;
						DevelopmentTeam = MLM6EQV39M;
						ProvisioningStyle = Automatic;
						TestTargetID = D82E2CA21EC98CE4007A983F;
					};
				};
			};
			buildConfigurationList = D82E2C9E1EC98CE4007A983F /* Build configuration list for PBXProject "LearnOpenGLES_2_Shaders" */;
			compatibilityVersion = "Xcode 3.2";
			developmentRegion = English;
			hasScannedForEncodings = 0;
			knownRegions = (
				en,
				Base,
			);
			mainGroup = D82E2C9A1EC98CE4007A983F;
			productRefGroup = D82E2CA41EC98CE4007A983F /* Products */;
			projectDirPath = "";
			projectRoot = "";
			targets = (
				D82E2CA21EC98CE4007A983F /* LearnOpenGLES_2_Shaders */,
				D82E2CBB1EC98CE4007A983F /* LearnOpenGLES_2_ShadersTests */,
				D82E2CC61EC98CE5007A983F /* LearnOpenGLES_2_ShadersUITests */,
			);
		};
/* End PBXProject section */

/* Begin PBXResourcesBuildPhase section */
		D82E2CA11EC98CE4007A983F /* Resources */ = {
			isa = PBXResourcesBuildPhase;
			buildActionMask = 2147483647;
			files = (
				D82E2CB61EC98CE4007A983F /* LaunchScreen.storyboard in Resources */,
				D82E2CDD1EC98F7A007A983F /* SimpleVertex.glsl in Resources */,
				D82E2CB31EC98CE4007A983F /* Assets.xcassets in Resources */,
				D82E2CB11EC98CE4007A983F /* Main.storyboard in Resources */,
				D82E2CDF1EC98FC5007A983F /* SimpleFragment.glsl in Resources */,
			);
			runOnlyForDeploymentPostprocessing = 0;
		};
		D82E2CBA1EC98CE4007A983F /* Resources */ = {
			isa = PBXResourcesBuildPhase;
			buildActionMask = 2147483647;
			files = (
			);
			runOnlyForDeploymentPostprocessing = 0;
		};
		D82E2CC51EC98CE5007A983F /* Resources */ = {
			isa = PBXResourcesBuildPhase;
			buildActionMask = 2147483647;
			files = (
			);
			runOnlyForDeploymentPostprocessing = 0;
		};
/* End PBXResourcesBuildPhase section */

/* Begin PBXSourcesBuildPhase section */
		D82E2C9F1EC98CE4007A983F /* Sources */ = {
			isa = PBXSourcesBuildPhase;
			buildActionMask = 2147483647;
			files = (
				D82E2CAE1EC98CE4007A983F /* ViewController.m in Sources */,
				D82E2CAB1EC98CE4007A983F /* AppDelegate.m in Sources */,
				D82E2CA81EC98CE4007A983F /* main.m in Sources */,
				D82E2CDB1EC98EA4007A983F /* OpenGLView.m in Sources */,
			);
			runOnlyForDeploymentPostprocessing = 0;
		};
		D82E2CB81EC98CE4007A983F /* Sources */ = {
			isa = PBXSourcesBuildPhase;
			buildActionMask = 2147483647;
			files = (
				D82E2CC11EC98CE4007A983F /* LearnOpenGLES_2_ShadersTests.m in Sources */,
			);
			runOnlyForDeploymentPostprocessing = 0;
		};
		D82E2CC31EC98CE5007A983F /* Sources */ = {
			isa = PBXSourcesBuildPhase;
			buildActionMask = 2147483647;
			files = (
				D82E2CCC1EC98CE5007A983F /* LearnOpenGLES_2_ShadersUITests.m in Sources */,
			);
			runOnlyForDeploymentPostprocessing = 0;
		};
/* End PBXSourcesBuildPhase section */

/* Begin PBXTargetDependency section */
		D82E2CBE1EC98CE4007A983F /* PBXTargetDependency */ = {
			isa = PBXTargetDependency;
			target = D82E2CA21EC98CE4007A983F /* LearnOpenGLES_2_Shaders */;
			targetProxy = D82E2CBD1EC98CE4007A983F /* PBXContainerItemProxy */;
		};
		D82E2CC91EC98CE5007A983F /* PBXTargetDependency */ = {
			isa = PBXTargetDependency;
			target = D82E2CA21EC98CE4007A983F /* LearnOpenGLES_2_Shaders */;
			targetProxy = D82E2CC81EC98CE5007A983F /* PBXContainerItemProxy */;
		};
/* End PBXTargetDependency section */

/* Begin PBXVariantGroup section */
		D82E2CAF1EC98CE4007A983F /* Main.storyboard */ = {
			isa = PBXVariantGroup;
			children = (
				D82E2CB01EC98CE4007A983F /* Base */,
			);
			name = Main.storyboard;
			sourceTree = "<group>";
		};
		D82E2CB41EC98CE4007A983F /* LaunchScreen.storyboard */ = {
			isa = PBXVariantGroup;
			children = (
				D82E2CB51EC98CE4007A983F /* Base */,
			);
			name = LaunchScreen.storyboard;
			sourceTree = "<group>";
		};
/* End PBXVariantGroup section */

/* Begin XCBuildConfiguration section */
		D82E2CCE1EC98CE5007A983F /* Debug */ = {
			isa = XCBuildConfiguration;
			buildSettings = {
				ALWAYS_SEARCH_USER_PATHS = NO;
				CLANG_ANALYZER_NONNULL = YES;
				CLANG_ANALYZER_NUMBER_OBJECT_CONVERSION = YES_AGGRESSIVE;
				CLANG_CXX_LANGUAGE_STANDARD = "gnu++0x";
				CLANG_CXX_LIBRARY = "libc++";
				CLANG_ENABLE_MODULES = YES;
				CLANG_ENABLE_OBJC_ARC = YES;
				CLANG_WARN_BOOL_CONVERSION = YES;
				CLANG_WARN_CONSTANT_CONVERSION = YES;
				CLANG_WARN_DIRECT_OBJC_ISA_USAGE = YES_ERROR;
				CLANG_WARN_DOCUMENTATION_COMMENTS = YES;
				CLANG_WARN_EMPTY_BODY = YES;
				CLANG_WARN_ENUM_CONVERSION = YES;
				CLANG_WARN_INFINITE_RECURSION = YES;
				CLANG_WARN_INT_CONVERSION = YES;
				CLANG_WARN_OBJC_ROOT_CLASS = YES_ERROR;
				CLANG_WARN_SUSPICIOUS_MOVE = YES;
				CLANG_WARN_UNREACHABLE_CODE = YES;
				CLANG_WARN__DUPLICATE_METHOD_MATCH = YES;
				"CODE_SIGN_IDENTITY[sdk=iphoneos*]" = "iPhone Developer";
				COPY_PHASE_STRIP = NO;
				DEBUG_INFORMATION_FORMAT = dwarf;
				ENABLE_STRICT_OBJC_MSGSEND = YES;
				ENABLE_TESTABILITY = YES;
				GCC_C_LANGUAGE_STANDARD = gnu99;
				GCC_DYNAMIC_NO_PIC = NO;
				GCC_NO_COMMON_BLOCKS = YES;
				GCC_OPTIMIZATION_LEVEL = 0;
				GCC_PREPROCESSOR_DEFINITIONS = (
					"DEBUG=1",
					"$(inherited)",
				);
				GCC_WARN_64_TO_32_BIT_CONVERSION = YES;
				GCC_WARN_ABOUT_RETURN_TYPE = YES_ERROR;
				GCC_WARN_UNDECLARED_SELECTOR = YES;
				GCC_WARN_UNINITIALIZED_AUTOS = YES_AGGRESSIVE;
				GCC_WARN_UNUSED_FUNCTION = YES;
				GCC_WARN_UNUSED_VARIABLE = YES;
				IPHONEOS_DEPLOYMENT_TARGET = 10.3;
				MTL_ENABLE_DEBUG_INFO = YES;
				ONLY_ACTIVE_ARCH = YES;
				SDKROOT = iphoneos;
				TARGETED_DEVICE_FAMILY = "1,2";
			};
			name = Debug;
		};
		D82E2CCF1EC98CE5007A983F /* Release */ = {
			isa = XCBuildConfiguration;
			buildSettings = {
				ALWAYS_SEARCH_USER_PATHS = NO;
				CLANG_ANALYZER_NONNULL = YES;
				CLANG_ANALYZER_NUMBER_OBJECT_CONVERSION = YES_AGGRESSIVE;
				CLANG_CXX_LANGUAGE_STANDARD = "gnu++0x";
				CLANG_CXX_LIBRARY = "libc++";
				CLANG_ENABLE_MODULES = YES;
				CLANG_ENABLE_OBJC_ARC = YES;
				CLANG_WARN_BOOL_CONVERSION = YES;
				CLANG_WARN_CONSTANT_CONVERSION = YES;
				CLANG_WARN_DIRECT_OBJC_ISA_USAGE = YES_ERROR;
				CLANG_WARN_DOCUMENTATION_COMMENTS = YES;
				CLANG_WARN_EMPTY_BODY = YES;
				CLANG_WARN_ENUM_CONVERSION = YES;
				CLANG_WARN_INFINITE_RECURSION = YES;
				CLANG_WARN_INT_CONVERSION = YES;
				CLANG_WARN_OBJC_ROOT_CLASS = YES_ERROR;
				CLANG_WARN_SUSPICIOUS_MOVE = YES;
				CLANG_WARN_UNREACHABLE_CODE = YES;
				CLANG_WARN__DUPLICATE_METHOD_MATCH = YES;
				"CODE_SIGN_IDENTITY[sdk=iphoneos*]" = "iPhone Developer";
				COPY_PHASE_STRIP = NO;
				DEBUG_INFORMATION_FORMAT = "dwarf-with-dsym";
				ENABLE_NS_ASSERTIONS = NO;
				ENABLE_STRICT_OBJC_MSGSEND = YES;
				GCC_C_LANGUAGE_STANDARD = gnu99;
				GCC_NO_COMMON_BLOCKS = YES;
				GCC_WARN_64_TO_32_BIT_CONVERSION = YES;
				GCC_WARN_ABOUT_RETURN_TYPE = YES_ERROR;
				GCC_WARN_UNDECLARED_SELECTOR = YES;
				GCC_WARN_UNINITIALIZED_AUTOS = YES_AGGRESSIVE;
				GCC_WARN_UNUSED_FUNCTION = YES;
				GCC_WARN_UNUSED_VARIABLE = YES;
				IPHONEOS_DEPLOYMENT_TARGET = 10.3;
				MTL_ENABLE_DEBUG_INFO = NO;
				SDKROOT = iphoneos;
				TARGETED_DEVICE_FAMILY = "1,2";
				VALIDATE_PRODUCT = YES;
			};
			name = Release;
		};
		D82E2CD11EC98CE5007A983F /* Debug */ = {
			isa = XCBuildConfiguration;
			buildSettings = {
				ASSETCATALOG_COMPILER_APPICON_NAME = AppIcon;
				DEVELOPMENT_TEAM = MLM6EQV39M;
				INFOPLIST_FILE = LearnOpenGLES_2_Shaders/Info.plist;
				LD_RUNPATH_SEARCH_PATHS = "$(inherited) @executable_path/Frameworks";
				PRODUCT_BUNDLE_IDENTIFIER = "com.baidu.LearnOpenGLES-2-Shaders";
				PRODUCT_NAME = "$(TARGET_NAME)";
			};
			name = Debug;
		};
		D82E2CD21EC98CE5007A983F /* Release */ = {
			isa = XCBuildConfiguration;
			buildSettings = {
				ASSETCATALOG_COMPILER_APPICON_NAME = AppIcon;
				DEVELOPMENT_TEAM = MLM6EQV39M;
				INFOPLIST_FILE = LearnOpenGLES_2_Shaders/Info.plist;
				LD_RUNPATH_SEARCH_PATHS = "$(inherited) @executable_path/Frameworks";
				PRODUCT_BUNDLE_IDENTIFIER = "com.baidu.LearnOpenGLES-2-Shaders";
				PRODUCT_NAME = "$(TARGET_NAME)";
			};
			name = Release;
		};
		D82E2CD41EC98CE5007A983F /* Debug */ = {
			isa = XCBuildConfiguration;
			buildSettings = {
				BUNDLE_LOADER = "$(TEST_HOST)";
				DEVELOPMENT_TEAM = MLM6EQV39M;
				INFOPLIST_FILE = LearnOpenGLES_2_ShadersTests/Info.plist;
				LD_RUNPATH_SEARCH_PATHS = "$(inherited) @executable_path/Frameworks @loader_path/Frameworks";
				PRODUCT_BUNDLE_IDENTIFIER = "com.baidu.LearnOpenGLES-2-ShadersTests";
				PRODUCT_NAME = "$(TARGET_NAME)";
				TEST_HOST = "$(BUILT_PRODUCTS_DIR)/LearnOpenGLES_2_Shaders.app/LearnOpenGLES_2_Shaders";
			};
			name = Debug;
		};
		D82E2CD51EC98CE5007A983F /* Release */ = {
			isa = XCBuildConfiguration;
			buildSettings = {
				BUNDLE_LOADER = "$(TEST_HOST)";
				DEVELOPMENT_TEAM = MLM6EQV39M;
				INFOPLIST_FILE = LearnOpenGLES_2_ShadersTests/Info.plist;
				LD_RUNPATH_SEARCH_PATHS = "$(inherited) @executable_path/Frameworks @loader_path/Frameworks";
				PRODUCT_BUNDLE_IDENTIFIER = "com.baidu.LearnOpenGLES-2-ShadersTests";
				PRODUCT_NAME = "$(TARGET_NAME)";
				TEST_HOST = "$(BUILT_PRODUCTS_DIR)/LearnOpenGLES_2_Shaders.app/LearnOpenGLES_2_Shaders";
			};
			name = Release;
		};
		D82E2CD71EC98CE5007A983F /* Debug */ = {
			isa = XCBuildConfiguration;
			buildSettings = {
				DEVELOPMENT_TEAM = MLM6EQV39M;
				INFOPLIST_FILE = LearnOpenGLES_2_ShadersUITests/Info.plist;
				LD_RUNPATH_SEARCH_PATHS = "$(inherited) @executable_path/Frameworks @loader_path/Frameworks";
				PRODUCT_BUNDLE_IDENTIFIER = "com.baidu.LearnOpenGLES-2-ShadersUITests";
				PRODUCT_NAME = "$(TARGET_NAME)";
				TEST_TARGET_NAME = LearnOpenGLES_2_Shaders;
			};
			name = Debug;
		};
		D82E2CD81EC98CE5007A983F /* Release */ = {
			isa = XCBuildConfiguration;
			buildSettings = {
				DEVELOPMENT_TEAM = MLM6EQV39M;
				INFOPLIST_FILE = LearnOpenGLES_2_ShadersUITests/Info.plist;
				LD_RUNPATH_SEARCH_PATHS = "$(inherited) @executable_path/Frameworks @loader_path/Frameworks";
				PRODUCT_BUNDLE_IDENTIFIER = "com.baidu.LearnOpenGLES-2-ShadersUITests";
				PRODUCT_NAME = "$(TARGET_NAME)";
				TEST_TARGET_NAME = LearnOpenGLES_2_Shaders;
			};
			name = Release;
		};
/* End XCBuildConfiguration section */

/* Begin XCConfigurationList section */
		D82E2C9E1EC98CE4007A983F /* Build configuration list for PBXProject "LearnOpenGLES_2_Shaders" */ = {
			isa = XCConfigurationList;
			buildConfigurations = (
				D82E2CCE1EC98CE5007A983F /* Debug */,
				D82E2CCF1EC98CE5007A983F /* Release */,
			);
			defaultConfigurationIsVisible = 0;
			defaultConfigurationName = Release;
		};
		D82E2CD01EC98CE5007A983F /* Build configuration list for PBXNativeTarget "LearnOpenGLES_2_Shaders" */ = {
			isa = XCConfigurationList;
			buildConfigurations = (
				D82E2CD11EC98CE5007A983F /* Debug */,
				D82E2CD21EC98CE5007A983F /* Release */,
			);
			defaultConfigurationIsVisible = 0;
		};
		D82E2CD31EC98CE5007A983F /* Build configuration list for PBXNativeTarget "LearnOpenGLES_2_ShadersTests" */ = {
			isa = XCConfigurationList;
			buildConfigurations = (
				D82E2CD41EC98CE5007A983F /* Debug */,
				D82E2CD51EC98CE5007A983F /* Release */,
			);
			defaultConfigurationIsVisible = 0;
		};
		D82E2CD61EC98CE5007A983F /* Build configuration list for PBXNativeTarget "LearnOpenGLES_2_ShadersUITests" */ = {
			isa = XCConfigurationList;
			buildConfigurations = (
				D82E2CD71EC98CE5007A983F /* Debug */,
				D82E2CD81EC98CE5007A983F /* Release */,
			);
			defaultConfigurationIsVisible = 0;
		};
/* End XCConfigurationList section */
	};
	rootObject = D82E2C9B1EC98CE4007A983F /* Project object */;
}
